
Microsoft Visual Studio Solution File, Format Version 12.00
# Visual Studio Version 17
VisualStudioVersion = 17.1.32328.378
MinimumVisualStudioVersion = 10.0.40219.1
Project("{2150E333-8FDC-42A3-9474-1A3956D46DE8}") = "src", "src", "{549DDA3F-5538-416D-92C9-DDCEB399F158}"
EndProject
Project("{2150E333-8FDC-42A3-9474-1A3956D46DE8}") = "Solutions Items", "Solutions Items", "{1A345D99-8AE5-42E8-8B77-E0D8D25F3CE6}"
	ProjectSection(SolutionItems) = preProject
		README.md = README.md
	EndProjectSection
EndProject
Project("{2150E333-8FDC-42A3-9474-1A3956D46DE8}") = "tests", "tests", "{1793C7BE-F86E-482B-B48E-A84B905F42AC}"
EndProject
Project("{9A19103F-16F7-4668-BE54-9A1E7A4F7556}") = "NetForemost.UnitTests", "tests\NetForemost.UnitTests\NetForemost.UnitTests.csproj", "{E3B676E2-85EF-4185-AC9A-E9753765752D}"
EndProject
Project("{9A19103F-16F7-4668-BE54-9A1E7A4F7556}") = "NetForemost.API", "src\NetForemost.API\NetForemost.API.csproj", "{27309E81-89EB-4A93-8CD1-3629B5A04BE0}"
EndProject
Project("{9A19103F-16F7-4668-BE54-9A1E7A4F7556}") = "NetForemost.Core", "src\NetForemost.Core\NetForemost.Core.csproj", "{B27DA5A1-BA3F-4AF3-A880-900AA756ED26}"
EndProject
Project("{9A19103F-16F7-4668-BE54-9A1E7A4F7556}") = "NetForemost.Infrastructure", "src\NetForemost.Infrastructure\NetForemost.Infrastructure.csproj", "{C0EB541D-C74C-40C9-9A5B-EEC2E5C909B4}"
EndProject
Project("{9A19103F-16F7-4668-BE54-9A1E7A4F7556}") = "NetForemost.Infrastructure.Importer", "src\NetForemost.Infrastructure.Importer\NetForemost.Infrastructure.Importer.csproj", "{684BC946-D27E-4C5D-AD39-A09FE0FF438E}"
EndProject
Project("{9A19103F-16F7-4668-BE54-9A1E7A4F7556}") = "NetForemost.Infrastructure.Migrations", "src\NetForemost.Infrastructure.Migration\NetForemost.Infrastructure.Migrations.csproj", "{432E074D-A7EA-40CD-BCAF-A66B1A9FB3DC}"
EndProject
Project("{9A19103F-16F7-4668-BE54-9A1E7A4F7556}") = "NetForemost.SharedKernel", "src\NetForemost.SharedKernel\NetForemost.SharedKernel.csproj", "{6396A726-D518-4FC9-8FD9-ACDE044913DC}"
EndProject
Project("{9A19103F-16F7-4668-BE54-9A1E7A4F7556}") = "NetForemost.Reports.API", "src\NetForemost.Reports.API\NetForemost.Reports.API.csproj", "{711A6B68-9009-435D-AC23-282F51F27358}"
EndProject
Global
	GlobalSection(SolutionConfigurationPlatforms) = preSolution
		Debug|Any CPU = Debug|Any CPU
		Release|Any CPU = Release|Any CPU
	EndGlobalSection
	GlobalSection(ProjectConfigurationPlatforms) = postSolution
		{E3B676E2-85EF-4185-AC9A-E9753765752D}.Debug|Any CPU.ActiveCfg = Debug|Any CPU
		{E3B676E2-85EF-4185-AC9A-E9753765752D}.Debug|Any CPU.Build.0 = Debug|Any CPU
		{E3B676E2-85EF-4185-AC9A-E9753765752D}.Release|Any CPU.ActiveCfg = Release|Any CPU
		{E3B676E2-85EF-4185-AC9A-E9753765752D}.Release|Any CPU.Build.0 = Release|Any CPU
		{27309E81-89EB-4A93-8CD1-3629B5A04BE0}.Debug|Any CPU.ActiveCfg = Debug|Any CPU
		{27309E81-89EB-4A93-8CD1-3629B5A04BE0}.Debug|Any CPU.Build.0 = Debug|Any CPU
		{27309E81-89EB-4A93-8CD1-3629B5A04BE0}.Release|Any CPU.ActiveCfg = Release|Any CPU
		{27309E81-89EB-4A93-8CD1-3629B5A04BE0}.Release|Any CPU.Build.0 = Release|Any CPU
		{B27DA5A1-BA3F-4AF3-A880-900AA756ED26}.Debug|Any CPU.ActiveCfg = Debug|Any CPU
		{B27DA5A1-BA3F-4AF3-A880-900AA756ED26}.Debug|Any CPU.Build.0 = Debug|Any CPU
		{B27DA5A1-BA3F-4AF3-A880-900AA756ED26}.Release|Any CPU.ActiveCfg = Release|Any CPU
		{B27DA5A1-BA3F-4AF3-A880-900AA756ED26}.Release|Any CPU.Build.0 = Release|Any CPU
		{C0EB541D-C74C-40C9-9A5B-EEC2E5C909B4}.Debug|Any CPU.ActiveCfg = Debug|Any CPU
		{C0EB541D-C74C-40C9-9A5B-EEC2E5C909B4}.Debug|Any CPU.Build.0 = Debug|Any CPU
		{C0EB541D-C74C-40C9-9A5B-EEC2E5C909B4}.Release|Any CPU.ActiveCfg = Release|Any CPU
		{C0EB541D-C74C-40C9-9A5B-EEC2E5C909B4}.Release|Any CPU.Build.0 = Release|Any CPU
		{684BC946-D27E-4C5D-AD39-A09FE0FF438E}.Debug|Any CPU.ActiveCfg = Debug|Any CPU
		{684BC946-D27E-4C5D-AD39-A09FE0FF438E}.Debug|Any CPU.Build.0 = Debug|Any CPU
		{684BC946-D27E-4C5D-AD39-A09FE0FF438E}.Release|Any CPU.ActiveCfg = Release|Any CPU
		{684BC946-D27E-4C5D-AD39-A09FE0FF438E}.Release|Any CPU.Build.0 = Release|Any CPU
		{432E074D-A7EA-40CD-BCAF-A66B1A9FB3DC}.Debug|Any CPU.ActiveCfg = Debug|Any CPU
		{432E074D-A7EA-40CD-BCAF-A66B1A9FB3DC}.Debug|Any CPU.Build.0 = Debug|Any CPU
		{432E074D-A7EA-40CD-BCAF-A66B1A9FB3DC}.Release|Any CPU.ActiveCfg = Release|Any CPU
		{432E074D-A7EA-40CD-BCAF-A66B1A9FB3DC}.Release|Any CPU.Build.0 = Release|Any CPU
		{6396A726-D518-4FC9-8FD9-ACDE044913DC}.Debug|Any CPU.ActiveCfg = Debug|Any CPU
		{6396A726-D518-4FC9-8FD9-ACDE044913DC}.Debug|Any CPU.Build.0 = Debug|Any CPU
		{6396A726-D518-4FC9-8FD9-ACDE044913DC}.Release|Any CPU.ActiveCfg = Release|Any CPU
		{6396A726-D518-4FC9-8FD9-ACDE044913DC}.Release|Any CPU.Build.0 = Release|Any CPU
		{711A6B68-9009-435D-AC23-282F51F27358}.Debug|Any CPU.ActiveCfg = Debug|Any CPU
		{711A6B68-9009-435D-AC23-282F51F27358}.Debug|Any CPU.Build.0 = Debug|Any CPU
		{711A6B68-9009-435D-AC23-282F51F27358}.Release|Any CPU.ActiveCfg = Release|Any CPU
		{711A6B68-9009-435D-AC23-282F51F27358}.Release|Any CPU.Build.0 = Release|Any CPU
	EndGlobalSection
	GlobalSection(SolutionProperties) = preSolution
		HideSolutionNode = FALSE
	EndGlobalSection
	GlobalSection(NestedProjects) = preSolution
		{E3B676E2-85EF-4185-AC9A-E9753765752D} = {1793C7BE-F86E-482B-B48E-A84B905F42AC}
		{27309E81-89EB-4A93-8CD1-3629B5A04BE0} = {549DDA3F-5538-416D-92C9-DDCEB399F158}
		{B27DA5A1-BA3F-4AF3-A880-900AA756ED26} = {549DDA3F-5538-416D-92C9-DDCEB399F158}
		{C0EB541D-C74C-40C9-9A5B-EEC2E5C909B4} = {549DDA3F-5538-416D-92C9-DDCEB399F158}
		{684BC946-D27E-4C5D-AD39-A09FE0FF438E} = {549DDA3F-5538-416D-92C9-DDCEB399F158}
		{432E074D-A7EA-40CD-BCAF-A66B1A9FB3DC} = {549DDA3F-5538-416D-92C9-DDCEB399F158}
		{6396A726-D518-4FC9-8FD9-ACDE044913DC} = {549DDA3F-5538-416D-92C9-DDCEB399F158}
		{711A6B68-9009-435D-AC23-282F51F27358} = {549DDA3F-5538-416D-92C9-DDCEB399F158}
	EndGlobalSection
	GlobalSection(ExtensibilityGlobals) = postSolution
		SolutionGuid = {EBB5EAAA-FEDC-4709-8957-12864C8F1601}
	EndGlobalSection
EndGlobal
